
Microsoft Visual Studio Solution File, Format Version 12.00
# Visual Studio Version 17
VisualStudioVersion = 17.3.32811.315
MinimumVisualStudioVersion = 10.0.40219.1
Project("{FAE04EC0-301F-11D3-BF4B-00C04F79EFBC}") = "fa22ModelPracticeCompleted", "fa22ModelPracticeCompleted\fa22ModelPracticeCompleted.csproj", "{59EBF703-3579-4638-A29A-193BC8303610}"
EndProject
Global
	GlobalSection(SolutionConfigurationPlatforms) = preSolution
		Debug|Any CPU = Debug|Any CPU
		Release|Any CPU = Release|Any CPU
	EndGlobalSection
	GlobalSection(ProjectConfigurationPlatforms) = postSolution
		{59EBF703-3579-4638-A29A-193BC8303610}.Debug|Any CPU.ActiveCfg = Debug|Any CPU
		{59EBF703-3579-4638-A29A-193BC8303610}.Debug|Any CPU.Build.0 = Debug|Any CPU
		{59EBF703-3579-4638-A29A-193BC8303610}.Release|Any CPU.ActiveCfg = Release|Any CPU
		{59EBF703-3579-4638-A29A-193BC8303610}.Release|Any CPU.Build.0 = Release|Any CPU
	EndGlobalSection
	GlobalSection(SolutionProperties) = preSolution
		HideSolutionNode = FALSE
	EndGlobalSection
	GlobalSection(ExtensibilityGlobals) = postSolution
		SolutionGuid = {8CD17971-1C4B-4752-8319-86B0E1CA71C6}
	EndGlobalSection
EndGlobal
